// !$*UTF8*$!
{
	archiveVersion = 1;
	classes = {
	};
	objectVersion = 50;
	objects = {

/* Begin PBXBuildFile section */
		A93A730626D6014A00703F93 /* UnitTestTests.swift in Sources */ = {isa = PBXBuildFile; fileRef = A93A730526D6014A00703F93 /* UnitTestTests.swift */; };
		A93A731026D6043C00703F93 /* UserModelTests.swift in Sources */ = {isa = PBXBuildFile; fileRef = A93A730F26D6043C00703F93 /* UserModelTests.swift */; };
		A93A731626D6260E00703F93 /* SignupFormModelValidatorTests.swift in Sources */ = {isa = PBXBuildFile; fileRef = A93A731526D6260E00703F93 /* SignupFormModelValidatorTests.swift */; };
		A93A731A26D626E000703F93 /* SignupFormModelValidator.swift in Sources */ = {isa = PBXBuildFile; fileRef = A93A731926D626E000703F93 /* SignupFormModelValidator.swift */; };
		A93A731E26D62ED100703F93 /* SignupConstants.swift in Sources */ = {isa = PBXBuildFile; fileRef = A93A731D26D62ED100703F93 /* SignupConstants.swift */; };
		A97173F726D4E7D400007459 /* AppDelegate.swift in Sources */ = {isa = PBXBuildFile; fileRef = A97173F626D4E7D400007459 /* AppDelegate.swift */; };
		A97173F926D4E7D400007459 /* SceneDelegate.swift in Sources */ = {isa = PBXBuildFile; fileRef = A97173F826D4E7D400007459 /* SceneDelegate.swift */; };
		A97173FB26D4E7D400007459 /* ViewController.swift in Sources */ = {isa = PBXBuildFile; fileRef = A97173FA26D4E7D400007459 /* ViewController.swift */; };
		A97173FE26D4E7D400007459 /* Main.storyboard in Resources */ = {isa = PBXBuildFile; fileRef = A97173FC26D4E7D400007459 /* Main.storyboard */; };
		A971740026D4E7D500007459 /* Assets.xcassets in Resources */ = {isa = PBXBuildFile; fileRef = A97173FF26D4E7D500007459 /* Assets.xcassets */; };
		A971740326D4E7D500007459 /* LaunchScreen.storyboard in Resources */ = {isa = PBXBuildFile; fileRef = A971740126D4E7D500007459 /* LaunchScreen.storyboard */; };
/* End PBXBuildFile section */

/* Begin PBXContainerItemProxy section */
		A93A730826D6014A00703F93 /* PBXContainerItemProxy */ = {
			isa = PBXContainerItemProxy;
			containerPortal = A97173EB26D4E7D400007459 /* Project object */;
			proxyType = 1;
			remoteGlobalIDString = A97173F226D4E7D400007459;
			remoteInfo = UnitTest;
		};
/* End PBXContainerItemProxy section */

/* Begin PBXFileReference section */
		A93A730326D6014A00703F93 /* UnitTestTests.xctest */ = {isa = PBXFileReference; explicitFileType = wrapper.cfbundle; includeInIndex = 0; path = UnitTestTests.xctest; sourceTree = BUILT_PRODUCTS_DIR; };
		A93A730526D6014A00703F93 /* UnitTestTests.swift */ = {isa = PBXFileReference; lastKnownFileType = sourcecode.swift; path = UnitTestTests.swift; sourceTree = "<group>"; };
		A93A730726D6014A00703F93 /* Info.plist */ = {isa = PBXFileReference; lastKnownFileType = text.plist.xml; path = Info.plist; sourceTree = "<group>"; };
		A93A730F26D6043C00703F93 /* UserModelTests.swift */ = {isa = PBXFileReference; lastKnownFileType = sourcecode.swift; path = UserModelTests.swift; sourceTree = "<group>"; };
		A93A731526D6260E00703F93 /* SignupFormModelValidatorTests.swift */ = {isa = PBXFileReference; lastKnownFileType = sourcecode.swift; path = SignupFormModelValidatorTests.swift; sourceTree = "<group>"; };
		A93A731926D626E000703F93 /* SignupFormModelValidator.swift */ = {isa = PBXFileReference; lastKnownFileType = sourcecode.swift; path = SignupFormModelValidator.swift; sourceTree = "<group>"; };
		A93A731D26D62ED100703F93 /* SignupConstants.swift */ = {isa = PBXFileReference; lastKnownFileType = sourcecode.swift; path = SignupConstants.swift; sourceTree = "<group>"; };
		A97173F326D4E7D400007459 /* UnitTest.app */ = {isa = PBXFileReference; explicitFileType = wrapper.application; includeInIndex = 0; path = UnitTest.app; sourceTree = BUILT_PRODUCTS_DIR; };
		A97173F626D4E7D400007459 /* AppDelegate.swift */ = {isa = PBXFileReference; lastKnownFileType = sourcecode.swift; path = AppDelegate.swift; sourceTree = "<group>"; };
		A97173F826D4E7D400007459 /* SceneDelegate.swift */ = {isa = PBXFileReference; lastKnownFileType = sourcecode.swift; path = SceneDelegate.swift; sourceTree = "<group>"; };
		A97173FA26D4E7D400007459 /* ViewController.swift */ = {isa = PBXFileReference; lastKnownFileType = sourcecode.swift; path = ViewController.swift; sourceTree = "<group>"; };
		A97173FD26D4E7D400007459 /* Base */ = {isa = PBXFileReference; lastKnownFileType = file.storyboard; name = Base; path = Base.lproj/Main.storyboard; sourceTree = "<group>"; };
		A97173FF26D4E7D500007459 /* Assets.xcassets */ = {isa = PBXFileReference; lastKnownFileType = folder.assetcatalog; path = Assets.xcassets; sourceTree = "<group>"; };
		A971740226D4E7D500007459 /* Base */ = {isa = PBXFileReference; lastKnownFileType = file.storyboard; name = Base; path = Base.lproj/LaunchScreen.storyboard; sourceTree = "<group>"; };
		A971740426D4E7D500007459 /* Info.plist */ = {isa = PBXFileReference; lastKnownFileType = text.plist.xml; path = Info.plist; sourceTree = "<group>"; };
		A971740B26D4E86800007459 /* Note.playground */ = {isa = PBXFileReference; lastKnownFileType = file.playground; path = Note.playground; sourceTree = "<group>"; xcLanguageSpecificationIdentifier = xcode.lang.swift; };
/* End PBXFileReference section */

/* Begin PBXFrameworksBuildPhase section */
		A93A730026D6014A00703F93 /* Frameworks */ = {
			isa = PBXFrameworksBuildPhase;
			buildActionMask = 2147483647;
			files = (
			);
			runOnlyForDeploymentPostprocessing = 0;
		};
		A97173F026D4E7D400007459 /* Frameworks */ = {
			isa = PBXFrameworksBuildPhase;
			buildActionMask = 2147483647;
			files = (
			);
			runOnlyForDeploymentPostprocessing = 0;
		};
/* End PBXFrameworksBuildPhase section */

/* Begin PBXGroup section */
		A93A730426D6014A00703F93 /* UnitTestTests */ = {
			isa = PBXGroup;
			children = (
				A93A730526D6014A00703F93 /* UnitTestTests.swift */,
				A93A730726D6014A00703F93 /* Info.plist */,
				A93A730F26D6043C00703F93 /* UserModelTests.swift */,
				A93A731526D6260E00703F93 /* SignupFormModelValidatorTests.swift */,
			);
			path = UnitTestTests;
			sourceTree = "<group>";
		};
		A97173EA26D4E7D400007459 = {
			isa = PBXGroup;
			children = (
				A97173F526D4E7D400007459 /* UnitTest */,
				A93A730426D6014A00703F93 /* UnitTestTests */,
				A97173F426D4E7D400007459 /* Products */,
			);
			sourceTree = "<group>";
		};
		A97173F426D4E7D400007459 /* Products */ = {
			isa = PBXGroup;
			children = (
				A97173F326D4E7D400007459 /* UnitTest.app */,
				A93A730326D6014A00703F93 /* UnitTestTests.xctest */,
			);
			name = Products;
			sourceTree = "<group>";
		};
		A97173F526D4E7D400007459 /* UnitTest */ = {
			isa = PBXGroup;
			children = (
				A97173F626D4E7D400007459 /* AppDelegate.swift */,
				A97173F826D4E7D400007459 /* SceneDelegate.swift */,
				A97173FA26D4E7D400007459 /* ViewController.swift */,
				A97173FC26D4E7D400007459 /* Main.storyboard */,
				A97173FF26D4E7D500007459 /* Assets.xcassets */,
				A971740126D4E7D500007459 /* LaunchScreen.storyboard */,
				A971740426D4E7D500007459 /* Info.plist */,
				A971740B26D4E86800007459 /* Note.playground */,
				A93A731926D626E000703F93 /* SignupFormModelValidator.swift */,
				A93A731D26D62ED100703F93 /* SignupConstants.swift */,
			);
			path = UnitTest;
			sourceTree = "<group>";
		};
/* End PBXGroup section */

/* Begin PBXNativeTarget section */
		A93A730226D6014A00703F93 /* UnitTestTests */ = {
			isa = PBXNativeTarget;
			buildConfigurationList = A93A730A26D6014A00703F93 /* Build configuration list for PBXNativeTarget "UnitTestTests" */;
			buildPhases = (
				A93A72FF26D6014A00703F93 /* Sources */,
				A93A730026D6014A00703F93 /* Frameworks */,
				A93A730126D6014A00703F93 /* Resources */,
			);
			buildRules = (
			);
			dependencies = (
				A93A730926D6014A00703F93 /* PBXTargetDependency */,
			);
			name = UnitTestTests;
			productName = UnitTestTests;
			productReference = A93A730326D6014A00703F93 /* UnitTestTests.xctest */;
			productType = "com.apple.product-type.bundle.unit-test";
		};
		A97173F226D4E7D400007459 /* UnitTest */ = {
			isa = PBXNativeTarget;
			buildConfigurationList = A971740726D4E7D500007459 /* Build configuration list for PBXNativeTarget "UnitTest" */;
			buildPhases = (
				A97173EF26D4E7D400007459 /* Sources */,
				A97173F026D4E7D400007459 /* Frameworks */,
				A97173F126D4E7D400007459 /* Resources */,
			);
			buildRules = (
			);
			dependencies = (
			);
			name = UnitTest;
			productName = UnitTest;
			productReference = A97173F326D4E7D400007459 /* UnitTest.app */;
			productType = "com.apple.product-type.application";
		};
/* End PBXNativeTarget section */

/* Begin PBXProject section */
		A97173EB26D4E7D400007459 /* Project object */ = {
			isa = PBXProject;
			attributes = {
				LastSwiftUpdateCheck = 1240;
				LastUpgradeCheck = 1240;
				TargetAttributes = {
					A93A730226D6014A00703F93 = {
						CreatedOnToolsVersion = 12.4;
						TestTargetID = A97173F226D4E7D400007459;
					};
					A97173F226D4E7D400007459 = {
						CreatedOnToolsVersion = 12.4;
					};
				};
			};
			buildConfigurationList = A97173EE26D4E7D400007459 /* Build configuration list for PBXProject "UnitTest" */;
			compatibilityVersion = "Xcode 9.3";
			developmentRegion = en;
			hasScannedForEncodings = 0;
			knownRegions = (
				en,
				Base,
			);
			mainGroup = A97173EA26D4E7D400007459;
			productRefGroup = A97173F426D4E7D400007459 /* Products */;
			projectDirPath = "";
			projectRoot = "";
			targets = (
				A97173F226D4E7D400007459 /* UnitTest */,
				A93A730226D6014A00703F93 /* UnitTestTests */,
			);
		};
/* End PBXProject section */

/* Begin PBXResourcesBuildPhase section */
		A93A730126D6014A00703F93 /* Resources */ = {
			isa = PBXResourcesBuildPhase;
			buildActionMask = 2147483647;
			files = (
			);
			runOnlyForDeploymentPostprocessing = 0;
		};
		A97173F126D4E7D400007459 /* Resources */ = {
			isa = PBXResourcesBuildPhase;
			buildActionMask = 2147483647;
			files = (
				A971740326D4E7D500007459 /* LaunchScreen.storyboard in Resources */,
				A971740026D4E7D500007459 /* Assets.xcassets in Resources */,
				A97173FE26D4E7D400007459 /* Main.storyboard in Resources */,
			);
			runOnlyForDeploymentPostprocessing = 0;
		};
/* End PBXResourcesBuildPhase section */

/* Begin PBXSourcesBuildPhase section */
		A93A72FF26D6014A00703F93 /* Sources */ = {
			isa = PBXSourcesBuildPhase;
			buildActionMask = 2147483647;
			files = (
				A93A731026D6043C00703F93 /* UserModelTests.swift in Sources */,
				A93A730626D6014A00703F93 /* UnitTestTests.swift in Sources */,
				A93A731626D6260E00703F93 /* SignupFormModelValidatorTests.swift in Sources */,
			);
			runOnlyForDeploymentPostprocessing = 0;
		};
		A97173EF26D4E7D400007459 /* Sources */ = {
			isa = PBXSourcesBuildPhase;
			buildActionMask = 2147483647;
			files = (
				A97173FB26D4E7D400007459 /* ViewController.swift in Sources */,
				A97173F726D4E7D400007459 /* AppDelegate.swift in Sources */,
				A93A731A26D626E000703F93 /* SignupFormModelValidator.swift in Sources */,
				A93A731E26D62ED100703F93 /* SignupConstants.swift in Sources */,
				A97173F926D4E7D400007459 /* SceneDelegate.swift in Sources */,
			);
			runOnlyForDeploymentPostprocessing = 0;
		};
/* End PBXSourcesBuildPhase section */

/* Begin PBXTargetDependency section */
		A93A730926D6014A00703F93 /* PBXTargetDependency */ = {
			isa = PBXTargetDependency;
			target = A97173F226D4E7D400007459 /* UnitTest */;
			targetProxy = A93A730826D6014A00703F93 /* PBXContainerItemProxy */;
		};
/* End PBXTargetDependency section */

/* Begin PBXVariantGroup section */
		A97173FC26D4E7D400007459 /* Main.storyboard */ = {
			isa = PBXVariantGroup;
			children = (
				A97173FD26D4E7D400007459 /* Base */,
			);
			name = Main.storyboard;
			sourceTree = "<group>";
		};
		A971740126D4E7D500007459 /* LaunchScreen.storyboard */ = {
			isa = PBXVariantGroup;
			children = (
				A971740226D4E7D500007459 /* Base */,
			);
			name = LaunchScreen.storyboard;
			sourceTree = "<group>";
		};
/* End PBXVariantGroup section */

/* Begin XCBuildConfiguration section */
		A93A730B26D6014A00703F93 /* Debug */ = {
			isa = XCBuildConfiguration;
			buildSettings = {
				BUNDLE_LOADER = "$(TEST_HOST)";
				CODE_SIGN_STYLE = Automatic;
				DEVELOPMENT_TEAM = RL6JLX22Z4;
				INFOPLIST_FILE = UnitTestTests/Info.plist;
				LD_RUNPATH_SEARCH_PATHS = (
					"$(inherited)",
					"@executable_path/Frameworks",
					"@loader_path/Frameworks",
				);
				PRODUCT_BUNDLE_IDENTIFIER = com.jeongminkim.UnitTestTests;
				PRODUCT_NAME = "$(TARGET_NAME)";
				SWIFT_VERSION = 5.0;
				TARGETED_DEVICE_FAMILY = "1,2";
				TEST_HOST = "$(BUILT_PRODUCTS_DIR)/UnitTest.app/UnitTest";
			};
			name = Debug;
		};
		A93A730C26D6014A00703F93 /* Release */ = {
			isa = XCBuildConfiguration;
			buildSettings = {
				BUNDLE_LOADER = "$(TEST_HOST)";
				CODE_SIGN_STYLE = Automatic;
				DEVELOPMENT_TEAM = RL6JLX22Z4;
				INFOPLIST_FILE = UnitTestTests/Info.plist;
				LD_RUNPATH_SEARCH_PATHS = (
					"$(inherited)",
					"@executable_path/Frameworks",
					"@loader_path/Frameworks",
				);
				PRODUCT_BUNDLE_IDENTIFIER = com.jeongminkim.UnitTestTests;
				PRODUCT_NAME = "$(TARGET_NAME)";
				SWIFT_VERSION = 5.0;
				TARGETED_DEVICE_FAMILY = "1,2";
				TEST_HOST = "$(BUILT_PRODUCTS_DIR)/UnitTest.app/UnitTest";
			};
			name = Release;
		};
		A971740526D4E7D500007459 /* Debug */ = {
			isa = XCBuildConfiguration;
			buildSettings = {
				ALWAYS_SEARCH_USER_PATHS = NO;
				CLANG_ANALYZER_NONNULL = YES;
				CLANG_ANALYZER_NUMBER_OBJECT_CONVERSION = YES_AGGRESSIVE;
				CLANG_CXX_LANGUAGE_STANDARD = "gnu++14";
				CLANG_CXX_LIBRARY = "libc++";
				CLANG_ENABLE_MODULES = YES;
				CLANG_ENABLE_OBJC_ARC = YES;
				CLANG_ENABLE_OBJC_WEAK = YES;
				CLANG_WARN_BLOCK_CAPTURE_AUTORELEASING = YES;
				CLANG_WARN_BOOL_CONVERSION = YES;
				CLANG_WARN_COMMA = YES;
				CLANG_WARN_CONSTANT_CONVERSION = YES;
				CLANG_WARN_DEPRECATED_OBJC_IMPLEMENTATIONS = YES;
				CLANG_WARN_DIRECT_OBJC_ISA_USAGE = YES_ERROR;
				CLANG_WARN_DOCUMENTATION_COMMENTS = YES;
				CLANG_WARN_EMPTY_BODY = YES;
				CLANG_WARN_ENUM_CONVERSION = YES;
				CLANG_WARN_INFINITE_RECURSION = YES;
				CLANG_WARN_INT_CONVERSION = YES;
				CLANG_WARN_NON_LITERAL_NULL_CONVERSION = YES;
				CLANG_WARN_OBJC_IMPLICIT_RETAIN_SELF = YES;
				CLANG_WARN_OBJC_LITERAL_CONVERSION = YES;
				CLANG_WARN_OBJC_ROOT_CLASS = YES_ERROR;
				CLANG_WARN_QUOTED_INCLUDE_IN_FRAMEWORK_HEADER = YES;
				CLANG_WARN_RANGE_LOOP_ANALYSIS = YES;
				CLANG_WARN_STRICT_PROTOTYPES = YES;
				CLANG_WARN_SUSPICIOUS_MOVE = YES;
				CLANG_WARN_UNGUARDED_AVAILABILITY = YES_AGGRESSIVE;
				CLANG_WARN_UNREACHABLE_CODE = YES;
				CLANG_WARN__DUPLICATE_METHOD_MATCH = YES;
				COPY_PHASE_STRIP = NO;
				DEBUG_INFORMATION_FORMAT = dwarf;
				ENABLE_STRICT_OBJC_MSGSEND = YES;
				ENABLE_TESTABILITY = YES;
				GCC_C_LANGUAGE_STANDARD = gnu11;
				GCC_DYNAMIC_NO_PIC = NO;
				GCC_NO_COMMON_BLOCKS = YES;
				GCC_OPTIMIZATION_LEVEL = 0;
				GCC_PREPROCESSOR_DEFINITIONS = (
					"DEBUG=1",
					"$(inherited)",
				);
				GCC_WARN_64_TO_32_BIT_CONVERSION = YES;
				GCC_WARN_ABOUT_RETURN_TYPE = YES_ERROR;
				GCC_WARN_UNDECLARED_SELECTOR = YES;
				GCC_WARN_UNINITIALIZED_AUTOS = YES_AGGRESSIVE;
				GCC_WARN_UNUSED_FUNCTION = YES;
				GCC_WARN_UNUSED_VARIABLE = YES;
				IPHONEOS_DEPLOYMENT_TARGET = 14.4;
				MTL_ENABLE_DEBUG_INFO = INCLUDE_SOURCE;
				MTL_FAST_MATH = YES;
				ONLY_ACTIVE_ARCH = YES;
				SDKROOT = iphoneos;
				SWIFT_ACTIVE_COMPILATION_CONDITIONS = DEBUG;
				SWIFT_OPTIMIZATION_LEVEL = "-Onone";
			};
			name = Debug;
		};
		A971740626D4E7D500007459 /* Release */ = {
			isa = XCBuildConfiguration;
			buildSettings = {
				ALWAYS_SEARCH_USER_PATHS = NO;
				CLANG_ANALYZER_NONNULL = YES;
				CLANG_ANALYZER_NUMBER_OBJECT_CONVERSION = YES_AGGRESSIVE;
				CLANG_CXX_LANGUAGE_STANDARD = "gnu++14";
				CLANG_CXX_LIBRARY = "libc++";
				CLANG_ENABLE_MODULES = YES;
				CLANG_ENABLE_OBJC_ARC = YES;
				CLANG_ENABLE_OBJC_WEAK = YES;
				CLANG_WARN_BLOCK_CAPTURE_AUTORELEASING = YES;
				CLANG_WARN_BOOL_CONVERSION = YES;
				CLANG_WARN_COMMA = YES;
				CLANG_WARN_CONSTANT_CONVERSION = YES;
				CLANG_WARN_DEPRECATED_OBJC_IMPLEMENTATIONS = YES;
				CLANG_WARN_DIRECT_OBJC_ISA_USAGE = YES_ERROR;
				CLANG_WARN_DOCUMENTATION_COMMENTS = YES;
				CLANG_WARN_EMPTY_BODY = YES;
				CLANG_WARN_ENUM_CONVERSION = YES;
				CLANG_WARN_INFINITE_RECURSION = YES;
				CLANG_WARN_INT_CONVERSION = YES;
				CLANG_WARN_NON_LITERAL_NULL_CONVERSION = YES;
				CLANG_WARN_OBJC_IMPLICIT_RETAIN_SELF = YES;
				CLANG_WARN_OBJC_LITERAL_CONVERSION = YES;
				CLANG_WARN_OBJC_ROOT_CLASS = YES_ERROR;
				CLANG_WARN_QUOTED_INCLUDE_IN_FRAMEWORK_HEADER = YES;
				CLANG_WARN_RANGE_LOOP_ANALYSIS = YES;
				CLANG_WARN_STRICT_PROTOTYPES = YES;
				CLANG_WARN_SUSPICIOUS_MOVE = YES;
				CLANG_WARN_UNGUARDED_AVAILABILITY = YES_AGGRESSIVE;
				CLANG_WARN_UNREACHABLE_CODE = YES;
				CLANG_WARN__DUPLICATE_METHOD_MATCH = YES;
				COPY_PHASE_STRIP = NO;
				DEBUG_INFORMATION_FORMAT = "dwarf-with-dsym";
				ENABLE_NS_ASSERTIONS = NO;
				ENABLE_STRICT_OBJC_MSGSEND = YES;
				GCC_C_LANGUAGE_STANDARD = gnu11;
				GCC_NO_COMMON_BLOCKS = YES;
				GCC_WARN_64_TO_32_BIT_CONVERSION = YES;
				GCC_WARN_ABOUT_RETURN_TYPE = YES_ERROR;
				GCC_WARN_UNDECLARED_SELECTOR = YES;
				GCC_WARN_UNINITIALIZED_AUTOS = YES_AGGRESSIVE;
				GCC_WARN_UNUSED_FUNCTION = YES;
				GCC_WARN_UNUSED_VARIABLE = YES;
				IPHONEOS_DEPLOYMENT_TARGET = 14.4;
				MTL_ENABLE_DEBUG_INFO = NO;
				MTL_FAST_MATH = YES;
				SDKROOT = iphoneos;
				SWIFT_COMPILATION_MODE = wholemodule;
				SWIFT_OPTIMIZATION_LEVEL = "-O";
				VALIDATE_PRODUCT = YES;
			};
			name = Release;
		};
		A971740826D4E7D500007459 /* Debug */ = {
			isa = XCBuildConfiguration;
			buildSettings = {
				ASSETCATALOG_COMPILER_APPICON_NAME = AppIcon;
				ASSETCATALOG_COMPILER_GLOBAL_ACCENT_COLOR_NAME = AccentColor;
				CODE_SIGN_STYLE = Automatic;
				DEVELOPMENT_TEAM = RL6JLX22Z4;
				INFOPLIST_FILE = UnitTest/Info.plist;
				LD_RUNPATH_SEARCH_PATHS = (
					"$(inherited)",
					"@executable_path/Frameworks",
				);
				PRODUCT_BUNDLE_IDENTIFIER = com.jeongminkim.UnitTest;
				PRODUCT_NAME = "$(TARGET_NAME)";
				SWIFT_VERSION = 5.0;
				TARGETED_DEVICE_FAMILY = "1,2";
			};
			name = Debug;
		};
		A971740926D4E7D500007459 /* Release */ = {
			isa = XCBuildConfiguration;
			buildSettings = {
				ASSETCATALOG_COMPILER_APPICON_NAME = AppIcon;
				ASSETCATALOG_COMPILER_GLOBAL_ACCENT_COLOR_NAME = AccentColor;
				CODE_SIGN_STYLE = Automatic;
				DEVELOPMENT_TEAM = RL6JLX22Z4;
				INFOPLIST_FILE = UnitTest/Info.plist;
				LD_RUNPATH_SEARCH_PATHS = (
					"$(inherited)",
					"@executable_path/Frameworks",
				);
				PRODUCT_BUNDLE_IDENTIFIER = com.jeongminkim.UnitTest;
				PRODUCT_NAME = "$(TARGET_NAME)";
				SWIFT_VERSION = 5.0;
				TARGETED_DEVICE_FAMILY = "1,2";
			};
			name = Release;
		};
/* End XCBuildConfiguration section */

/* Begin XCConfigurationList section */
		A93A730A26D6014A00703F93 /* Build configuration list for PBXNativeTarget "UnitTestTests" */ = {
			isa = XCConfigurationList;
			buildConfigurations = (
				A93A730B26D6014A00703F93 /* Debug */,
				A93A730C26D6014A00703F93 /* Release */,
			);
			defaultConfigurationIsVisible = 0;
			defaultConfigurationName = Release;
		};
		A97173EE26D4E7D400007459 /* Build configuration list for PBXProject "UnitTest" */ = {
			isa = XCConfigurationList;
			buildConfigurations = (
				A971740526D4E7D500007459 /* Debug */,
				A971740626D4E7D500007459 /* Release */,
			);
			defaultConfigurationIsVisible = 0;
			defaultConfigurationName = Release;
		};
		A971740726D4E7D500007459 /* Build configuration list for PBXNativeTarget "UnitTest" */ = {
			isa = XCConfigurationList;
			buildConfigurations = (
				A971740826D4E7D500007459 /* Debug */,
				A971740926D4E7D500007459 /* Release */,
			);
			defaultConfigurationIsVisible = 0;
			defaultConfigurationName = Release;
		};
/* End XCConfigurationList section */
	};
	rootObject = A97173EB26D4E7D400007459 /* Project object */;
}
